// !$*UTF8*$!
{
	archiveVersion = 1;
	classes = {
	};
	objectVersion = 50;
	objects = {

/* Begin PBXBuildFile section */
		40FF0D8EA12AE8CFDE529C19 /* Pods_tester2_MessagesExtension.framework in Frameworks */ = {isa = PBXBuildFile; fileRef = 125D9EB42A1411D684E2FC56 /* Pods_tester2_MessagesExtension.framework */; };
		64D07AA7220604730070BEAA /* Assets.xcassets in Resources */ = {isa = PBXBuildFile; fileRef = 64D07AA6220604730070BEAA /* Assets.xcassets */; };
		64D07AAE220604730070BEAA /* tester2 MessagesExtension.appex in Embed App Extensions */ = {isa = PBXBuildFile; fileRef = 64D07AAD220604730070BEAA /* tester2 MessagesExtension.appex */; settings = {ATTRIBUTES = (RemoveHeadersOnCopy, ); }; };
		64D07AB3220604730070BEAA /* Messages.framework in Frameworks */ = {isa = PBXBuildFile; fileRef = 64D07AB2220604730070BEAA /* Messages.framework */; };
		64D07AB6220604730070BEAA /* MessagesViewController.swift in Sources */ = {isa = PBXBuildFile; fileRef = 64D07AB5220604730070BEAA /* MessagesViewController.swift */; };
		64D07AB9220604730070BEAA /* MainInterface.storyboard in Resources */ = {isa = PBXBuildFile; fileRef = 64D07AB7220604730070BEAA /* MainInterface.storyboard */; };
		64D07ABB220604730070BEAA /* Assets.xcassets in Resources */ = {isa = PBXBuildFile; fileRef = 64D07ABA220604730070BEAA /* Assets.xcassets */; };
		8630D166E369F57ABFAE1330 /* Pods_tester2.framework in Frameworks */ = {isa = PBXBuildFile; fileRef = E0BF7E657A95861FF81CF040 /* Pods_tester2.framework */; };
/* End PBXBuildFile section */

/* Begin PBXContainerItemProxy section */
		64D07AAF220604730070BEAA /* PBXContainerItemProxy */ = {
			isa = PBXContainerItemProxy;
			containerPortal = 64D07A9D220604720070BEAA /* Project object */;
			proxyType = 1;
			remoteGlobalIDString = 64D07AAC220604730070BEAA;
			remoteInfo = "tester2 MessagesExtension";
		};
/* End PBXContainerItemProxy section */

/* Begin PBXCopyFilesBuildPhase section */
		64D07AC2220604730070BEAA /* Embed App Extensions */ = {
			isa = PBXCopyFilesBuildPhase;
			buildActionMask = 2147483647;
			dstPath = "";
			dstSubfolderSpec = 13;
			files = (
				64D07AAE220604730070BEAA /* tester2 MessagesExtension.appex in Embed App Extensions */,
			);
			name = "Embed App Extensions";
			runOnlyForDeploymentPostprocessing = 0;
		};
/* End PBXCopyFilesBuildPhase section */

/* Begin PBXFileReference section */
		125D9EB42A1411D684E2FC56 /* Pods_tester2_MessagesExtension.framework */ = {isa = PBXFileReference; explicitFileType = wrapper.framework; includeInIndex = 0; path = Pods_tester2_MessagesExtension.framework; sourceTree = BUILT_PRODUCTS_DIR; };
		59D973074FF538B179375E88 /* Pods-tester2.debug.xcconfig */ = {isa = PBXFileReference; includeInIndex = 1; lastKnownFileType = text.xcconfig; name = "Pods-tester2.debug.xcconfig"; path = "Pods/Target Support Files/Pods-tester2/Pods-tester2.debug.xcconfig"; sourceTree = "<group>"; };
		64D07AA3220604720070BEAA /* tester2.app */ = {isa = PBXFileReference; explicitFileType = wrapper.application; includeInIndex = 0; path = tester2.app; sourceTree = BUILT_PRODUCTS_DIR; };
		64D07AA6220604730070BEAA /* Assets.xcassets */ = {isa = PBXFileReference; lastKnownFileType = folder.assetcatalog; path = Assets.xcassets; sourceTree = "<group>"; };
		64D07AA8220604730070BEAA /* Info.plist */ = {isa = PBXFileReference; lastKnownFileType = text.plist.xml; path = Info.plist; sourceTree = "<group>"; };
		64D07AAD220604730070BEAA /* tester2 MessagesExtension.appex */ = {isa = PBXFileReference; explicitFileType = "wrapper.app-extension"; includeInIndex = 0; path = "tester2 MessagesExtension.appex"; sourceTree = BUILT_PRODUCTS_DIR; };
		64D07AB2220604730070BEAA /* Messages.framework */ = {isa = PBXFileReference; lastKnownFileType = wrapper.framework; name = Messages.framework; path = System/Library/Frameworks/Messages.framework; sourceTree = SDKROOT; };
		64D07AB5220604730070BEAA /* MessagesViewController.swift */ = {isa = PBXFileReference; lastKnownFileType = sourcecode.swift; path = MessagesViewController.swift; sourceTree = "<group>"; };
		64D07AB8220604730070BEAA /* Base */ = {isa = PBXFileReference; lastKnownFileType = file.storyboard; name = Base; path = Base.lproj/MainInterface.storyboard; sourceTree = "<group>"; };
		64D07ABA220604730070BEAA /* Assets.xcassets */ = {isa = PBXFileReference; lastKnownFileType = folder.assetcatalog; path = Assets.xcassets; sourceTree = "<group>"; };
		64D07ABC220604730070BEAA /* Info.plist */ = {isa = PBXFileReference; lastKnownFileType = text.plist.xml; path = Info.plist; sourceTree = "<group>"; };
		65A532B8540E37ADBCCBB56B /* Pods-tester2 MessagesExtension.debug.xcconfig */ = {isa = PBXFileReference; includeInIndex = 1; lastKnownFileType = text.xcconfig; name = "Pods-tester2 MessagesExtension.debug.xcconfig"; path = "Pods/Target Support Files/Pods-tester2 MessagesExtension/Pods-tester2 MessagesExtension.debug.xcconfig"; sourceTree = "<group>"; };
		87047A063BC3190AC906A5C1 /* Pods-tester2 MessagesExtension.release.xcconfig */ = {isa = PBXFileReference; includeInIndex = 1; lastKnownFileType = text.xcconfig; name = "Pods-tester2 MessagesExtension.release.xcconfig"; path = "Pods/Target Support Files/Pods-tester2 MessagesExtension/Pods-tester2 MessagesExtension.release.xcconfig"; sourceTree = "<group>"; };
		B7913778A005563EADABB982 /* Pods-tester2.release.xcconfig */ = {isa = PBXFileReference; includeInIndex = 1; lastKnownFileType = text.xcconfig; name = "Pods-tester2.release.xcconfig"; path = "Pods/Target Support Files/Pods-tester2/Pods-tester2.release.xcconfig"; sourceTree = "<group>"; };
		E0BF7E657A95861FF81CF040 /* Pods_tester2.framework */ = {isa = PBXFileReference; explicitFileType = wrapper.framework; includeInIndex = 0; path = Pods_tester2.framework; sourceTree = BUILT_PRODUCTS_DIR; };
/* End PBXFileReference section */

/* Begin PBXFrameworksBuildPhase section */
		64D07AAA220604730070BEAA /* Frameworks */ = {
			isa = PBXFrameworksBuildPhase;
			buildActionMask = 2147483647;
			files = (
				64D07AB3220604730070BEAA /* Messages.framework in Frameworks */,
				40FF0D8EA12AE8CFDE529C19 /* Pods_tester2_MessagesExtension.framework in Frameworks */,
			);
			runOnlyForDeploymentPostprocessing = 0;
		};
		CDE087F7BE0AF868BBBEFC11 /* Frameworks */ = {
			isa = PBXFrameworksBuildPhase;
			buildActionMask = 2147483647;
			files = (
				8630D166E369F57ABFAE1330 /* Pods_tester2.framework in Frameworks */,
			);
			runOnlyForDeploymentPostprocessing = 0;
		};
/* End PBXFrameworksBuildPhase section */

/* Begin PBXGroup section */
		205B55F64E3EF2DB4F2B1EE4 /* Pods */ = {
			isa = PBXGroup;
			children = (
				59D973074FF538B179375E88 /* Pods-tester2.debug.xcconfig */,
				B7913778A005563EADABB982 /* Pods-tester2.release.xcconfig */,
				65A532B8540E37ADBCCBB56B /* Pods-tester2 MessagesExtension.debug.xcconfig */,
				87047A063BC3190AC906A5C1 /* Pods-tester2 MessagesExtension.release.xcconfig */,
			);
			name = Pods;
			sourceTree = "<group>";
		};
		64D07A9C220604720070BEAA = {
			isa = PBXGroup;
			children = (
				64D07AA5220604720070BEAA /* tester2 */,
				64D07AB4220604730070BEAA /* tester2 MessagesExtension */,
				64D07AB1220604730070BEAA /* Frameworks */,
				64D07AA4220604720070BEAA /* Products */,
				205B55F64E3EF2DB4F2B1EE4 /* Pods */,
			);
			sourceTree = "<group>";
		};
		64D07AA4220604720070BEAA /* Products */ = {
			isa = PBXGroup;
			children = (
				64D07AA3220604720070BEAA /* tester2.app */,
				64D07AAD220604730070BEAA /* tester2 MessagesExtension.appex */,
			);
			name = Products;
			sourceTree = "<group>";
		};
		64D07AA5220604720070BEAA /* tester2 */ = {
			isa = PBXGroup;
			children = (
				64D07AA6220604730070BEAA /* Assets.xcassets */,
				64D07AA8220604730070BEAA /* Info.plist */,
			);
			path = tester2;
			sourceTree = "<group>";
		};
		64D07AB1220604730070BEAA /* Frameworks */ = {
			isa = PBXGroup;
			children = (
				64D07AB2220604730070BEAA /* Messages.framework */,
				E0BF7E657A95861FF81CF040 /* Pods_tester2.framework */,
				125D9EB42A1411D684E2FC56 /* Pods_tester2_MessagesExtension.framework */,
			);
			name = Frameworks;
			sourceTree = "<group>";
		};
		64D07AB4220604730070BEAA /* tester2 MessagesExtension */ = {
			isa = PBXGroup;
			children = (
				64D07AB5220604730070BEAA /* MessagesViewController.swift */,
				64D07AB7220604730070BEAA /* MainInterface.storyboard */,
				64D07ABA220604730070BEAA /* Assets.xcassets */,
				64D07ABC220604730070BEAA /* Info.plist */,
			);
			path = "tester2 MessagesExtension";
			sourceTree = "<group>";
		};
/* End PBXGroup section */

/* Begin PBXNativeTarget section */
		64D07AA2220604720070BEAA /* tester2 */ = {
			isa = PBXNativeTarget;
			buildConfigurationList = 64D07AC3220604730070BEAA /* Build configuration list for PBXNativeTarget "tester2" */;
			buildPhases = (
				72FA22B55623F4FBFBB198C1 /* [CP] Check Pods Manifest.lock */,
				64D07AA1220604720070BEAA /* Resources */,
				64D07AC2220604730070BEAA /* Embed App Extensions */,
				CDE087F7BE0AF868BBBEFC11 /* Frameworks */,
				F1C48FF45CB0385343405BC2 /* [CP] Embed Pods Frameworks */,
			);
			buildRules = (
			);
			dependencies = (
				64D07AB0220604730070BEAA /* PBXTargetDependency */,
			);
			name = tester2;
			productName = tester2;
			productReference = 64D07AA3220604720070BEAA /* tester2.app */;
			productType = "com.apple.product-type.application.messages";
		};
		64D07AAC220604730070BEAA /* tester2 MessagesExtension */ = {
			isa = PBXNativeTarget;
			buildConfigurationList = 64D07ABF220604730070BEAA /* Build configuration list for PBXNativeTarget "tester2 MessagesExtension" */;
			buildPhases = (
				064BDB56B302E5C4BA03BA99 /* [CP] Check Pods Manifest.lock */,
				64D07AA9220604730070BEAA /* Sources */,
				64D07AAA220604730070BEAA /* Frameworks */,
				64D07AAB220604730070BEAA /* Resources */,
			);
			buildRules = (
			);
			dependencies = (
			);
			name = "tester2 MessagesExtension";
			productName = "tester2 MessagesExtension";
			productReference = 64D07AAD220604730070BEAA /* tester2 MessagesExtension.appex */;
			productType = "com.apple.product-type.app-extension.messages";
		};
/* End PBXNativeTarget section */

/* Begin PBXProject section */
		64D07A9D220604720070BEAA /* Project object */ = {
			isa = PBXProject;
			attributes = {
				LastSwiftUpdateCheck = 1010;
				LastUpgradeCheck = 1010;
				ORGANIZATIONNAME = Steph;
				TargetAttributes = {
					64D07AA2220604720070BEAA = {
						CreatedOnToolsVersion = 10.1;
					};
					64D07AAC220604730070BEAA = {
						CreatedOnToolsVersion = 10.1;
					};
				};
			};
			buildConfigurationList = 64D07AA0220604720070BEAA /* Build configuration list for PBXProject "tester2" */;
			compatibilityVersion = "Xcode 9.3";
			developmentRegion = en;
			hasScannedForEncodings = 0;
			knownRegions = (
				en,
				Base,
			);
			mainGroup = 64D07A9C220604720070BEAA;
			productRefGroup = 64D07AA4220604720070BEAA /* Products */;
			projectDirPath = "";
			projectRoot = "";
			targets = (
				64D07AA2220604720070BEAA /* tester2 */,
				64D07AAC220604730070BEAA /* tester2 MessagesExtension */,
			);
		};
/* End PBXProject section */

/* Begin PBXResourcesBuildPhase section */
		64D07AA1220604720070BEAA /* Resources */ = {
			isa = PBXResourcesBuildPhase;
			buildActionMask = 2147483647;
			files = (
				64D07AA7220604730070BEAA /* Assets.xcassets in Resources */,
			);
			runOnlyForDeploymentPostprocessing = 0;
		};
		64D07AAB220604730070BEAA /* Resources */ = {
			isa = PBXResourcesBuildPhase;
			buildActionMask = 2147483647;
			files = (
				64D07ABB220604730070BEAA /* Assets.xcassets in Resources */,
				64D07AB9220604730070BEAA /* MainInterface.storyboard in Resources */,
			);
			runOnlyForDeploymentPostprocessing = 0;
		};
/* End PBXResourcesBuildPhase section */

/* Begin PBXShellScriptBuildPhase section */
		064BDB56B302E5C4BA03BA99 /* [CP] Check Pods Manifest.lock */ = {
			isa = PBXShellScriptBuildPhase;
			buildActionMask = 2147483647;
			files = (
			);
			inputFileListPaths = (
			);
			inputPaths = (
				"${PODS_PODFILE_DIR_PATH}/Podfile.lock",
				"${PODS_ROOT}/Manifest.lock",
			);
			name = "[CP] Check Pods Manifest.lock";
			outputFileListPaths = (
			);
			outputPaths = (
				"$(DERIVED_FILE_DIR)/Pods-tester2 MessagesExtension-checkManifestLockResult.txt",
			);
			runOnlyForDeploymentPostprocessing = 0;
			shellPath = /bin/sh;
			shellScript = "diff \"${PODS_PODFILE_DIR_PATH}/Podfile.lock\" \"${PODS_ROOT}/Manifest.lock\" > /dev/null\nif [ $? != 0 ] ; then\n    # print error to STDERR\n    echo \"error: The sandbox is not in sync with the Podfile.lock. Run 'pod install' or update your CocoaPods installation.\" >&2\n    exit 1\nfi\n# This output is used by Xcode 'outputs' to avoid re-running this script phase.\necho \"SUCCESS\" > \"${SCRIPT_OUTPUT_FILE_0}\"\n";
			showEnvVarsInLog = 0;
		};
		72FA22B55623F4FBFBB198C1 /* [CP] Check Pods Manifest.lock */ = {
			isa = PBXShellScriptBuildPhase;
			buildActionMask = 2147483647;
			files = (
			);
			inputFileListPaths = (
			);
			inputPaths = (
				"${PODS_PODFILE_DIR_PATH}/Podfile.lock",
				"${PODS_ROOT}/Manifest.lock",
			);
			name = "[CP] Check Pods Manifest.lock";
			outputFileListPaths = (
			);
			outputPaths = (
				"$(DERIVED_FILE_DIR)/Pods-tester2-checkManifestLockResult.txt",
			);
			runOnlyForDeploymentPostprocessing = 0;
			shellPath = /bin/sh;
			shellScript = "diff \"${PODS_PODFILE_DIR_PATH}/Podfile.lock\" \"${PODS_ROOT}/Manifest.lock\" > /dev/null\nif [ $? != 0 ] ; then\n    # print error to STDERR\n    echo \"error: The sandbox is not in sync with the Podfile.lock. Run 'pod install' or update your CocoaPods installation.\" >&2\n    exit 1\nfi\n# This output is used by Xcode 'outputs' to avoid re-running this script phase.\necho \"SUCCESS\" > \"${SCRIPT_OUTPUT_FILE_0}\"\n";
			showEnvVarsInLog = 0;
		};
		F1C48FF45CB0385343405BC2 /* [CP] Embed Pods Frameworks */ = {
			isa = PBXShellScriptBuildPhase;
			buildActionMask = 2147483647;
			files = (
			);
			inputFileListPaths = (
			);
			inputPaths = (
				"${SRCROOT}/Pods/Target Support Files/Pods-tester2/Pods-tester2-frameworks.sh",
				"${BUILT_PRODUCTS_DIR}/ROGoogleTranslate/ROGoogleTranslate.framework",
			);
			name = "[CP] Embed Pods Frameworks";
			outputFileListPaths = (
			);
			outputPaths = (
				"${TARGET_BUILD_DIR}/${FRAMEWORKS_FOLDER_PATH}/ROGoogleTranslate.framework",
			);
			runOnlyForDeploymentPostprocessing = 0;
			shellPath = /bin/sh;
			shellScript = "\"${SRCROOT}/Pods/Target Support Files/Pods-tester2/Pods-tester2-frameworks.sh\"\n";
			showEnvVarsInLog = 0;
		};
/* End PBXShellScriptBuildPhase section */

/* Begin PBXSourcesBuildPhase section */
		64D07AA9220604730070BEAA /* Sources */ = {
			isa = PBXSourcesBuildPhase;
			buildActionMask = 2147483647;
			files = (
				64D07AB6220604730070BEAA /* MessagesViewController.swift in Sources */,
			);
			runOnlyForDeploymentPostprocessing = 0;
		};
/* End PBXSourcesBuildPhase section */

/* Begin PBXTargetDependency section */
		64D07AB0220604730070BEAA /* PBXTargetDependency */ = {
			isa = PBXTargetDependency;
			target = 64D07AAC220604730070BEAA /* tester2 MessagesExtension */;
			targetProxy = 64D07AAF220604730070BEAA /* PBXContainerItemProxy */;
		};
/* End PBXTargetDependency section */

/* Begin PBXVariantGroup section */
		64D07AB7220604730070BEAA /* MainInterface.storyboard */ = {
			isa = PBXVariantGroup;
			children = (
				64D07AB8220604730070BEAA /* Base */,
			);
			name = MainInterface.storyboard;
			sourceTree = "<group>";
		};
/* End PBXVariantGroup section */

/* Begin XCBuildConfiguration section */
		64D07ABD220604730070BEAA /* Debug */ = {
			isa = XCBuildConfiguration;
			buildSettings = {
				ALWAYS_SEARCH_USER_PATHS = NO;
				CLANG_ANALYZER_NONNULL = YES;
				CLANG_ANALYZER_NUMBER_OBJECT_CONVERSION = YES_AGGRESSIVE;
				CLANG_CXX_LANGUAGE_STANDARD = "gnu++14";
				CLANG_CXX_LIBRARY = "libc++";
				CLANG_ENABLE_MODULES = YES;
				CLANG_ENABLE_OBJC_ARC = YES;
				CLANG_ENABLE_OBJC_WEAK = YES;
				CLANG_WARN_BLOCK_CAPTURE_AUTORELEASING = YES;
				CLANG_WARN_BOOL_CONVERSION = YES;
				CLANG_WARN_COMMA = YES;
				CLANG_WARN_CONSTANT_CONVERSION = YES;
				CLANG_WARN_DEPRECATED_OBJC_IMPLEMENTATIONS = YES;
				CLANG_WARN_DIRECT_OBJC_ISA_USAGE = YES_ERROR;
				CLANG_WARN_DOCUMENTATION_COMMENTS = YES;
				CLANG_WARN_EMPTY_BODY = YES;
				CLANG_WARN_ENUM_CONVERSION = YES;
				CLANG_WARN_INFINITE_RECURSION = YES;
				CLANG_WARN_INT_CONVERSION = YES;
				CLANG_WARN_NON_LITERAL_NULL_CONVERSION = YES;
				CLANG_WARN_OBJC_IMPLICIT_RETAIN_SELF = YES;
				CLANG_WARN_OBJC_LITERAL_CONVERSION = YES;
				CLANG_WARN_OBJC_ROOT_CLASS = YES_ERROR;
				CLANG_WARN_RANGE_LOOP_ANALYSIS = YES;
				CLANG_WARN_STRICT_PROTOTYPES = YES;
				CLANG_WARN_SUSPICIOUS_MOVE = YES;
				CLANG_WARN_UNGUARDED_AVAILABILITY = YES_AGGRESSIVE;
				CLANG_WARN_UNREACHABLE_CODE = YES;
				CLANG_WARN__DUPLICATE_METHOD_MATCH = YES;
				CODE_SIGN_IDENTITY = "iPhone Developer";
				COPY_PHASE_STRIP = NO;
				DEBUG_INFORMATION_FORMAT = dwarf;
				ENABLE_STRICT_OBJC_MSGSEND = YES;
				ENABLE_TESTABILITY = YES;
				GCC_C_LANGUAGE_STANDARD = gnu11;
				GCC_DYNAMIC_NO_PIC = NO;
				GCC_NO_COMMON_BLOCKS = YES;
				GCC_OPTIMIZATION_LEVEL = 0;
				GCC_PREPROCESSOR_DEFINITIONS = (
					"DEBUG=1",
					"$(inherited)",
				);
				GCC_WARN_64_TO_32_BIT_CONVERSION = YES;
				GCC_WARN_ABOUT_RETURN_TYPE = YES_ERROR;
				GCC_WARN_UNDECLARED_SELECTOR = YES;
				GCC_WARN_UNINITIALIZED_AUTOS = YES_AGGRESSIVE;
				GCC_WARN_UNUSED_FUNCTION = YES;
				GCC_WARN_UNUSED_VARIABLE = YES;
				IPHONEOS_DEPLOYMENT_TARGET = 12.1;
				MTL_ENABLE_DEBUG_INFO = INCLUDE_SOURCE;
				MTL_FAST_MATH = YES;
				ONLY_ACTIVE_ARCH = YES;
				SDKROOT = iphoneos;
				SWIFT_ACTIVE_COMPILATION_CONDITIONS = DEBUG;
				SWIFT_OPTIMIZATION_LEVEL = "-Onone";
			};
			name = Debug;
		};
		64D07ABE220604730070BEAA /* Release */ = {
			isa = XCBuildConfiguration;
			buildSettings = {
				ALWAYS_SEARCH_USER_PATHS = NO;
				CLANG_ANALYZER_NONNULL = YES;
				CLANG_ANALYZER_NUMBER_OBJECT_CONVERSION = YES_AGGRESSIVE;
				CLANG_CXX_LANGUAGE_STANDARD = "gnu++14";
				CLANG_CXX_LIBRARY = "libc++";
				CLANG_ENABLE_MODULES = YES;
				CLANG_ENABLE_OBJC_ARC = YES;
				CLANG_ENABLE_OBJC_WEAK = YES;
				CLANG_WARN_BLOCK_CAPTURE_AUTORELEASING = YES;
				CLANG_WARN_BOOL_CONVERSION = YES;
				CLANG_WARN_COMMA = YES;
				CLANG_WARN_CONSTANT_CONVERSION = YES;
				CLANG_WARN_DEPRECATED_OBJC_IMPLEMENTATIONS = YES;
				CLANG_WARN_DIRECT_OBJC_ISA_USAGE = YES_ERROR;
				CLANG_WARN_DOCUMENTATION_COMMENTS = YES;
				CLANG_WARN_EMPTY_BODY = YES;
				CLANG_WARN_ENUM_CONVERSION = YES;
				CLANG_WARN_INFINITE_RECURSION = YES;
				CLANG_WARN_INT_CONVERSION = YES;
				CLANG_WARN_NON_LITERAL_NULL_CONVERSION = YES;
				CLANG_WARN_OBJC_IMPLICIT_RETAIN_SELF = YES;
				CLANG_WARN_OBJC_LITERAL_CONVERSION = YES;
				CLANG_WARN_OBJC_ROOT_CLASS = YES_ERROR;
				CLANG_WARN_RANGE_LOOP_ANALYSIS = YES;
				CLANG_WARN_STRICT_PROTOTYPES = YES;
				CLANG_WARN_SUSPICIOUS_MOVE = YES;
				CLANG_WARN_UNGUARDED_AVAILABILITY = YES_AGGRESSIVE;
				CLANG_WARN_UNREACHABLE_CODE = YES;
				CLANG_WARN__DUPLICATE_METHOD_MATCH = YES;
				CODE_SIGN_IDENTITY = "iPhone Developer";
				COPY_PHASE_STRIP = NO;
				DEBUG_INFORMATION_FORMAT = "dwarf-with-dsym";
				ENABLE_NS_ASSERTIONS = NO;
				ENABLE_STRICT_OBJC_MSGSEND = YES;
				GCC_C_LANGUAGE_STANDARD = gnu11;
				GCC_NO_COMMON_BLOCKS = YES;
				GCC_WARN_64_TO_32_BIT_CONVERSION = YES;
				GCC_WARN_ABOUT_RETURN_TYPE = YES_ERROR;
				GCC_WARN_UNDECLARED_SELECTOR = YES;
				GCC_WARN_UNINITIALIZED_AUTOS = YES_AGGRESSIVE;
				GCC_WARN_UNUSED_FUNCTION = YES;
				GCC_WARN_UNUSED_VARIABLE = YES;
				IPHONEOS_DEPLOYMENT_TARGET = 12.1;
				MTL_ENABLE_DEBUG_INFO = NO;
				MTL_FAST_MATH = YES;
				SDKROOT = iphoneos;
				SWIFT_COMPILATION_MODE = wholemodule;
				SWIFT_OPTIMIZATION_LEVEL = "-O";
				VALIDATE_PRODUCT = YES;
			};
			name = Release;
		};
		64D07AC0220604730070BEAA /* Debug */ = {
			isa = XCBuildConfiguration;
			baseConfigurationReference = 65A532B8540E37ADBCCBB56B /* Pods-tester2 MessagesExtension.debug.xcconfig */;
			buildSettings = {
				ASSETCATALOG_COMPILER_APPICON_NAME = "iMessage App Icon";
				CODE_SIGN_STYLE = Automatic;
				DEVELOPMENT_TEAM = T34PAPA29A;
				INFOPLIST_FILE = "tester2 MessagesExtension/Info.plist";
				LD_RUNPATH_SEARCH_PATHS = (
					"$(inherited)",
					"@executable_path/Frameworks",
					"@executable_path/../../Frameworks",
				);
				PRODUCT_BUNDLE_IDENTIFIER = com.hacking.tester2.MessagesExtension;
				PRODUCT_NAME = "$(TARGET_NAME)";
				SKIP_INSTALL = YES;
				SWIFT_VERSION = 4.2;
				TARGETED_DEVICE_FAMILY = "1,2";
			};
			name = Debug;
		};
		64D07AC1220604730070BEAA /* Release */ = {
			isa = XCBuildConfiguration;
			baseConfigurationReference = 87047A063BC3190AC906A5C1 /* Pods-tester2 MessagesExtension.release.xcconfig */;
			buildSettings = {
				ASSETCATALOG_COMPILER_APPICON_NAME = "iMessage App Icon";
				CODE_SIGN_STYLE = Automatic;
				DEVELOPMENT_TEAM = T34PAPA29A;
				INFOPLIST_FILE = "tester2 MessagesExtension/Info.plist";
				LD_RUNPATH_SEARCH_PATHS = (
					"$(inherited)",
					"@executable_path/Frameworks",
					"@executable_path/../../Frameworks",
				);
				PRODUCT_BUNDLE_IDENTIFIER = com.hacking.tester2.MessagesExtension;
				PRODUCT_NAME = "$(TARGET_NAME)";
				SKIP_INSTALL = YES;
				SWIFT_VERSION = 4.2;
				TARGETED_DEVICE_FAMILY = "1,2";
			};
			name = Release;
		};
		64D07AC4220604730070BEAA /* Debug */ = {
			isa = XCBuildConfiguration;
			baseConfigurationReference = 59D973074FF538B179375E88 /* Pods-tester2.debug.xcconfig */;
			buildSettings = {
				ALWAYS_EMBED_SWIFT_STANDARD_LIBRARIES = YES;
				ASSETCATALOG_COMPILER_APPICON_NAME = AppIcon;
				CODE_SIGN_STYLE = Automatic;
				DEVELOPMENT_TEAM = T34PAPA29A;
				INFOPLIST_FILE = tester2/Info.plist;
				PRODUCT_BUNDLE_IDENTIFIER = com.hacking.tester2;
				PRODUCT_NAME = "$(TARGET_NAME)";
				SWIFT_VERSION = 4.2;
				TARGETED_DEVICE_FAMILY = "1,2";
			};
			name = Debug;
		};
		64D07AC5220604730070BEAA /* Release */ = {
			isa = XCBuildConfiguration;
			baseConfigurationReference = B7913778A005563EADABB982 /* Pods-tester2.release.xcconfig */;
			buildSettings = {
				ALWAYS_EMBED_SWIFT_STANDARD_LIBRARIES = YES;
				ASSETCATALOG_COMPILER_APPICON_NAME = AppIcon;
				CODE_SIGN_STYLE = Automatic;
				DEVELOPMENT_TEAM = T34PAPA29A;
				INFOPLIST_FILE = tester2/Info.plist;
				PRODUCT_BUNDLE_IDENTIFIER = com.hacking.tester2;
				PRODUCT_NAME = "$(TARGET_NAME)";
				SWIFT_VERSION = 4.2;
				TARGETED_DEVICE_FAMILY = "1,2";
			};
			name = Release;
		};
/* End XCBuildConfiguration section */

/* Begin XCConfigurationList section */
		64D07AA0220604720070BEAA /* Build configuration list for PBXProject "tester2" */ = {
			isa = XCConfigurationList;
			buildConfigurations = (
				64D07ABD220604730070BEAA /* Debug */,
				64D07ABE220604730070BEAA /* Release */,
			);
			defaultConfigurationIsVisible = 0;
			defaultConfigurationName = Release;
		};
		64D07ABF220604730070BEAA /* Build configuration list for PBXNativeTarget "tester2 MessagesExtension" */ = {
			isa = XCConfigurationList;
			buildConfigurations = (
				64D07AC0220604730070BEAA /* Debug */,
				64D07AC1220604730070BEAA /* Release */,
			);
			defaultConfigurationIsVisible = 0;
			defaultConfigurationName = Release;
		};
		64D07AC3220604730070BEAA /* Build configuration list for PBXNativeTarget "tester2" */ = {
			isa = XCConfigurationList;
			buildConfigurations = (
				64D07AC4220604730070BEAA /* Debug */,
				64D07AC5220604730070BEAA /* Release */,
			);
			defaultConfigurationIsVisible = 0;
			defaultConfigurationName = Release;
		};
/* End XCConfigurationList section */
	};
	rootObject = 64D07A9D220604720070BEAA /* Project object */;
}
